{
  "pins" : [
    {
      "identity" : "apollo-ios",
      "kind" : "remoteSourceControl",
      "location" : "https://github.com/portolans/apollo-ios.git",
      "state" : {
        "branch" : "dfed--test-1.23.0-fix",
        "revision" : "28534d953007c44b5230a07b4a881845903a3c24"
      }
    },
    {
      "identity" : "swift-collections",
      "kind" : "remoteSourceControl",
      "location" : "https://github.com/apple/swift-collections",
      "state" : {
        "revision" : "937e904258d22af6e447a0b72c0bc67583ef64a2",
        "version" : "1.0.4"
      }
    }
  ],
  "version" : 2
}
